
Microsoft Visual Studio Solution File, Format Version 12.00
# Visual Studio Version 17
VisualStudioVersion = 17.4.33213.308
MinimumVisualStudioVersion = 10.0.40219.1
Project("{FAE04EC0-301F-11D3-BF4B-00C04F79EFBC}") = "AnimePortalAuthServer", "AnimePortal\AnimePortalAuthServer.csproj", "{B5068F22-2504-4973-B343-98751ED33713}"
EndProject
Project("{FAE04EC0-301F-11D3-BF4B-00C04F79EFBC}") = "Core", "Core\Core.csproj", "{BBBA7CCE-B2E5-4E6E-AB28-930B23954068}"
EndProject
Project("{FAE04EC0-301F-11D3-BF4B-00C04F79EFBC}") = "DAL", "DAL\DAL.csproj", "{563624CC-2049-43FE-BA5D-1E411BA08FCF}"
EndProject
Project("{FAE04EC0-301F-11D3-BF4B-00C04F79EFBC}") = "BLL", "BLL\BLL.csproj", "{D8E32896-FE4D-489D-86EA-6FC22633E914}"
EndProject
Project("{FAE04EC0-301F-11D3-BF4B-00C04F79EFBC}") = "BLL.Abstractions", "BLL.Abstractions\BLL.Abstractions.csproj", "{9FEB132C-C982-40B3-A7F2-966BE0301B68}"
EndProject
Project("{FAE04EC0-301F-11D3-BF4B-00C04F79EFBC}") = "Core.Abstractions", "Core.Abstractions\Core.Abstractions.csproj", "{A3038B58-8F3F-48F3-878A-F2B06DD35BFB}"
EndProject
Global
	GlobalSection(SolutionConfigurationPlatforms) = preSolution
		Debug|Any CPU = Debug|Any CPU
		Release|Any CPU = Release|Any CPU
	EndGlobalSection
	GlobalSection(ProjectConfigurationPlatforms) = postSolution
		{B5068F22-2504-4973-B343-98751ED33713}.Debug|Any CPU.ActiveCfg = Debug|Any CPU
		{B5068F22-2504-4973-B343-98751ED33713}.Debug|Any CPU.Build.0 = Debug|Any CPU
		{B5068F22-2504-4973-B343-98751ED33713}.Release|Any CPU.ActiveCfg = Release|Any CPU
		{B5068F22-2504-4973-B343-98751ED33713}.Release|Any CPU.Build.0 = Release|Any CPU
		{BBBA7CCE-B2E5-4E6E-AB28-930B23954068}.Debug|Any CPU.ActiveCfg = Debug|Any CPU
		{BBBA7CCE-B2E5-4E6E-AB28-930B23954068}.Debug|Any CPU.Build.0 = Debug|Any CPU
		{BBBA7CCE-B2E5-4E6E-AB28-930B23954068}.Release|Any CPU.ActiveCfg = Release|Any CPU
		{BBBA7CCE-B2E5-4E6E-AB28-930B23954068}.Release|Any CPU.Build.0 = Release|Any CPU
		{563624CC-2049-43FE-BA5D-1E411BA08FCF}.Debug|Any CPU.ActiveCfg = Debug|Any CPU
		{563624CC-2049-43FE-BA5D-1E411BA08FCF}.Debug|Any CPU.Build.0 = Debug|Any CPU
		{563624CC-2049-43FE-BA5D-1E411BA08FCF}.Release|Any CPU.ActiveCfg = Release|Any CPU
		{563624CC-2049-43FE-BA5D-1E411BA08FCF}.Release|Any CPU.Build.0 = Release|Any CPU
		{D8E32896-FE4D-489D-86EA-6FC22633E914}.Debug|Any CPU.ActiveCfg = Debug|Any CPU
		{D8E32896-FE4D-489D-86EA-6FC22633E914}.Debug|Any CPU.Build.0 = Debug|Any CPU
		{D8E32896-FE4D-489D-86EA-6FC22633E914}.Release|Any CPU.ActiveCfg = Release|Any CPU
		{D8E32896-FE4D-489D-86EA-6FC22633E914}.Release|Any CPU.Build.0 = Release|Any CPU
		{9FEB132C-C982-40B3-A7F2-966BE0301B68}.Debug|Any CPU.ActiveCfg = Debug|Any CPU
		{9FEB132C-C982-40B3-A7F2-966BE0301B68}.Debug|Any CPU.Build.0 = Debug|Any CPU
		{9FEB132C-C982-40B3-A7F2-966BE0301B68}.Release|Any CPU.ActiveCfg = Release|Any CPU
		{9FEB132C-C982-40B3-A7F2-966BE0301B68}.Release|Any CPU.Build.0 = Release|Any CPU
		{A3038B58-8F3F-48F3-878A-F2B06DD35BFB}.Debug|Any CPU.ActiveCfg = Debug|Any CPU
		{A3038B58-8F3F-48F3-878A-F2B06DD35BFB}.Debug|Any CPU.Build.0 = Debug|Any CPU
		{A3038B58-8F3F-48F3-878A-F2B06DD35BFB}.Release|Any CPU.ActiveCfg = Release|Any CPU
		{A3038B58-8F3F-48F3-878A-F2B06DD35BFB}.Release|Any CPU.Build.0 = Release|Any CPU
	EndGlobalSection
	GlobalSection(SolutionProperties) = preSolution
		HideSolutionNode = FALSE
	EndGlobalSection
	GlobalSection(ExtensibilityGlobals) = postSolution
		SolutionGuid = {A18EB5C8-7CED-4BF6-9328-3D40C22BE4B9}
	EndGlobalSection
EndGlobal
